
Microsoft Visual Studio Solution File, Format Version 12.00
# Visual Studio Version 16
VisualStudioVersion = 16.0.29709.97
MinimumVisualStudioVersion = 10.0.40219.1
Project("{8BC9CEB8-8B4A-11D0-8D11-00A0C91BC942}") = "1_Two_Sum_Easy", "1_Two_Sum_Easy\1_Two_Sum_Easy.vcxproj", "{7036200C-E13C-4E6D-A5A3-2ECED882ED77}"
EndProject
Project("{8BC9CEB8-8B4A-11D0-8D11-00A0C91BC942}") = "2_Add_Two_Numbers_Medium", "2_Add_Two_Numbers_Medium\2_Add_Two_Numbers_Medium.vcxproj", "{CD107DE2-3A32-4DEA-87AE-9E3FBED0A6A4}"
EndProject
Project("{8BC9CEB8-8B4A-11D0-8D11-00A0C91BC942}") = "7_Reverse_Integer_Easy", "7_Reverse_Integer_Easy\7_Reverse_Integer_Easy.vcxproj", "{00F1FB40-97E5-4963-90E6-C8D5F8EF5284}"
EndProject
Project("{8BC9CEB8-8B4A-11D0-8D11-00A0C91BC942}") = "35_Search_Insert_Position", "35_Search_Insert_Position\35_Search_Insert_Position.vcxproj", "{F212DD4D-AF34-4F7D-BC07-8C466489EAF3}"
EndProject
Project("{8BC9CEB8-8B4A-11D0-8D11-00A0C91BC942}") = "53_Maximum_Subarray", "53_Maximum_Subarray\53_Maximum_Subarray.vcxproj", "{1C7E3CD3-A4A3-4830-8F33-50923D3ADCF0}"
EndProject
Project("{8BC9CEB8-8B4A-11D0-8D11-00A0C91BC942}") = "121_Best_Time_to_Buy_and_Sell_Stock", "121_Best_Time_to_Buy_and_Sell_Stock\121_Best_Time_to_Buy_and_Sell_Stock.vcxproj", "{D0B87841-149A-4819-B7BE-CD9120A8EE4D}"
EndProject
Project("{8BC9CEB8-8B4A-11D0-8D11-00A0C91BC942}") = "122_Best_Time_to_Buy_and_Sell_Stock_II", "122_Best_Time_to_Buy_and_Sell_Stock_II\122_Best_Time_to_Buy_and_Sell_Stock_II.vcxproj", "{28D538B5-8F60-4518-AB91-5AE16F8EED71}"
EndProject
Project("{8BC9CEB8-8B4A-11D0-8D11-00A0C91BC942}") = "5_Longest_Palindromic_Substring", "5_Longest_Palindromic_Substring\5_Longest_Palindromic_Substring.vcxproj", "{F797CEE2-3BC0-4DD6-B6C9-EB2C14BA7125}"
EndProject
Project("{8BC9CEB8-8B4A-11D0-8D11-00A0C91BC942}") = "27_Remove_Element", "27_Remove_Element\27_Remove_Element.vcxproj", "{BAD9C8DA-7EF9-4BC7-A50A-864FFDDB93E7}"
EndProject
Project("{8BC9CEB8-8B4A-11D0-8D11-00A0C91BC942}") = "14_Longest_Common_Prefix", "14_Longest_Common_Prefix\14_Longest_Common_Prefix.vcxproj", "{8BD1A71B-3432-4B65-B936-7B9B9BD56E95}"
EndProject
Project("{8BC9CEB8-8B4A-11D0-8D11-00A0C91BC942}") = "13_Roman_to_Integer", "13_Roman_to_Integer\13_Roman_to_Integer.vcxproj", "{42B7AEE3-BA40-4718-A0D1-70A618E4B574}"
EndProject
Project("{8BC9CEB8-8B4A-11D0-8D11-00A0C91BC942}") = "162_Find_Peak_Element", "162_Find_Peak_Element\162_Find_Peak_Element.vcxproj", "{765C076E-0D9B-4BE7-A3FF-23EB53B65A97}"
EndProject
Project("{8BC9CEB8-8B4A-11D0-8D11-00A0C91BC942}") = "42_Trapping_Rain_Water", "42_Trapping_Rain_Water\42_Trapping_Rain_Water.vcxproj", "{149DCDEA-A863-49CE-8AA4-43B57442DD16}"
EndProject
Project("{8BC9CEB8-8B4A-11D0-8D11-00A0C91BC942}") = "100_Same_Tree", "100_Same_Tree\100_Same_Tree.vcxproj", "{216F1A2A-3C7C-4562-BEF0-790A2F8DCA8E}"
EndProject
Project("{8BC9CEB8-8B4A-11D0-8D11-00A0C91BC942}") = "TreeUtility", "TreeUtility\TreeUtility.vcxproj", "{46A5F3C0-9C1D-410A-AD6E-1EA85FC41C40}"
EndProject
Global
	GlobalSection(SolutionConfigurationPlatforms) = preSolution
		Debug|x64 = Debug|x64
		Debug|x86 = Debug|x86
		Release|x64 = Release|x64
		Release|x86 = Release|x86
	EndGlobalSection
	GlobalSection(ProjectConfigurationPlatforms) = postSolution
		{7036200C-E13C-4E6D-A5A3-2ECED882ED77}.Debug|x64.ActiveCfg = Debug|x64
		{7036200C-E13C-4E6D-A5A3-2ECED882ED77}.Debug|x64.Build.0 = Debug|x64
		{7036200C-E13C-4E6D-A5A3-2ECED882ED77}.Debug|x86.ActiveCfg = Debug|Win32
		{7036200C-E13C-4E6D-A5A3-2ECED882ED77}.Debug|x86.Build.0 = Debug|Win32
		{7036200C-E13C-4E6D-A5A3-2ECED882ED77}.Release|x64.ActiveCfg = Release|x64
		{7036200C-E13C-4E6D-A5A3-2ECED882ED77}.Release|x64.Build.0 = Release|x64
		{7036200C-E13C-4E6D-A5A3-2ECED882ED77}.Release|x86.ActiveCfg = Release|Win32
		{7036200C-E13C-4E6D-A5A3-2ECED882ED77}.Release|x86.Build.0 = Release|Win32
		{CD107DE2-3A32-4DEA-87AE-9E3FBED0A6A4}.Debug|x64.ActiveCfg = Debug|x64
		{CD107DE2-3A32-4DEA-87AE-9E3FBED0A6A4}.Debug|x64.Build.0 = Debug|x64
		{CD107DE2-3A32-4DEA-87AE-9E3FBED0A6A4}.Debug|x86.ActiveCfg = Debug|Win32
		{CD107DE2-3A32-4DEA-87AE-9E3FBED0A6A4}.Debug|x86.Build.0 = Debug|Win32
		{CD107DE2-3A32-4DEA-87AE-9E3FBED0A6A4}.Release|x64.ActiveCfg = Release|x64
		{CD107DE2-3A32-4DEA-87AE-9E3FBED0A6A4}.Release|x64.Build.0 = Release|x64
		{CD107DE2-3A32-4DEA-87AE-9E3FBED0A6A4}.Release|x86.ActiveCfg = Release|Win32
		{CD107DE2-3A32-4DEA-87AE-9E3FBED0A6A4}.Release|x86.Build.0 = Release|Win32
		{00F1FB40-97E5-4963-90E6-C8D5F8EF5284}.Debug|x64.ActiveCfg = Debug|x64
		{00F1FB40-97E5-4963-90E6-C8D5F8EF5284}.Debug|x64.Build.0 = Debug|x64
		{00F1FB40-97E5-4963-90E6-C8D5F8EF5284}.Debug|x86.ActiveCfg = Debug|Win32
		{00F1FB40-97E5-4963-90E6-C8D5F8EF5284}.Debug|x86.Build.0 = Debug|Win32
		{00F1FB40-97E5-4963-90E6-C8D5F8EF5284}.Release|x64.ActiveCfg = Release|x64
		{00F1FB40-97E5-4963-90E6-C8D5F8EF5284}.Release|x64.Build.0 = Release|x64
		{00F1FB40-97E5-4963-90E6-C8D5F8EF5284}.Release|x86.ActiveCfg = Release|Win32
		{00F1FB40-97E5-4963-90E6-C8D5F8EF5284}.Release|x86.Build.0 = Release|Win32
		{F212DD4D-AF34-4F7D-BC07-8C466489EAF3}.Debug|x64.ActiveCfg = Debug|x64
		{F212DD4D-AF34-4F7D-BC07-8C466489EAF3}.Debug|x64.Build.0 = Debug|x64
		{F212DD4D-AF34-4F7D-BC07-8C466489EAF3}.Debug|x86.ActiveCfg = Debug|Win32
		{F212DD4D-AF34-4F7D-BC07-8C466489EAF3}.Debug|x86.Build.0 = Debug|Win32
		{F212DD4D-AF34-4F7D-BC07-8C466489EAF3}.Release|x64.ActiveCfg = Release|x64
		{F212DD4D-AF34-4F7D-BC07-8C466489EAF3}.Release|x64.Build.0 = Release|x64
		{F212DD4D-AF34-4F7D-BC07-8C466489EAF3}.Release|x86.ActiveCfg = Release|Win32
		{F212DD4D-AF34-4F7D-BC07-8C466489EAF3}.Release|x86.Build.0 = Release|Win32
		{1C7E3CD3-A4A3-4830-8F33-50923D3ADCF0}.Debug|x64.ActiveCfg = Debug|x64
		{1C7E3CD3-A4A3-4830-8F33-50923D3ADCF0}.Debug|x64.Build.0 = Debug|x64
		{1C7E3CD3-A4A3-4830-8F33-50923D3ADCF0}.Debug|x86.ActiveCfg = Debug|Win32
		{1C7E3CD3-A4A3-4830-8F33-50923D3ADCF0}.Debug|x86.Build.0 = Debug|Win32
		{1C7E3CD3-A4A3-4830-8F33-50923D3ADCF0}.Release|x64.ActiveCfg = Release|x64
		{1C7E3CD3-A4A3-4830-8F33-50923D3ADCF0}.Release|x64.Build.0 = Release|x64
		{1C7E3CD3-A4A3-4830-8F33-50923D3ADCF0}.Release|x86.ActiveCfg = Release|Win32
		{1C7E3CD3-A4A3-4830-8F33-50923D3ADCF0}.Release|x86.Build.0 = Release|Win32
		{D0B87841-149A-4819-B7BE-CD9120A8EE4D}.Debug|x64.ActiveCfg = Debug|x64
		{D0B87841-149A-4819-B7BE-CD9120A8EE4D}.Debug|x64.Build.0 = Debug|x64
		{D0B87841-149A-4819-B7BE-CD9120A8EE4D}.Debug|x86.ActiveCfg = Debug|Win32
		{D0B87841-149A-4819-B7BE-CD9120A8EE4D}.Debug|x86.Build.0 = Debug|Win32
		{D0B87841-149A-4819-B7BE-CD9120A8EE4D}.Release|x64.ActiveCfg = Release|x64
		{D0B87841-149A-4819-B7BE-CD9120A8EE4D}.Release|x64.Build.0 = Release|x64
		{D0B87841-149A-4819-B7BE-CD9120A8EE4D}.Release|x86.ActiveCfg = Release|Win32
		{D0B87841-149A-4819-B7BE-CD9120A8EE4D}.Release|x86.Build.0 = Release|Win32
		{28D538B5-8F60-4518-AB91-5AE16F8EED71}.Debug|x64.ActiveCfg = Debug|x64
		{28D538B5-8F60-4518-AB91-5AE16F8EED71}.Debug|x64.Build.0 = Debug|x64
		{28D538B5-8F60-4518-AB91-5AE16F8EED71}.Debug|x86.ActiveCfg = Debug|Win32
		{28D538B5-8F60-4518-AB91-5AE16F8EED71}.Debug|x86.Build.0 = Debug|Win32
		{28D538B5-8F60-4518-AB91-5AE16F8EED71}.Release|x64.ActiveCfg = Release|x64
		{28D538B5-8F60-4518-AB91-5AE16F8EED71}.Release|x64.Build.0 = Release|x64
		{28D538B5-8F60-4518-AB91-5AE16F8EED71}.Release|x86.ActiveCfg = Release|Win32
		{28D538B5-8F60-4518-AB91-5AE16F8EED71}.Release|x86.Build.0 = Release|Win32
		{F797CEE2-3BC0-4DD6-B6C9-EB2C14BA7125}.Debug|x64.ActiveCfg = Debug|x64
		{F797CEE2-3BC0-4DD6-B6C9-EB2C14BA7125}.Debug|x64.Build.0 = Debug|x64
		{F797CEE2-3BC0-4DD6-B6C9-EB2C14BA7125}.Debug|x86.ActiveCfg = Debug|Win32
		{F797CEE2-3BC0-4DD6-B6C9-EB2C14BA7125}.Debug|x86.Build.0 = Debug|Win32
		{F797CEE2-3BC0-4DD6-B6C9-EB2C14BA7125}.Release|x64.ActiveCfg = Release|x64
		{F797CEE2-3BC0-4DD6-B6C9-EB2C14BA7125}.Release|x64.Build.0 = Release|x64
		{F797CEE2-3BC0-4DD6-B6C9-EB2C14BA7125}.Release|x86.ActiveCfg = Release|Win32
		{F797CEE2-3BC0-4DD6-B6C9-EB2C14BA7125}.Release|x86.Build.0 = Release|Win32
		{BAD9C8DA-7EF9-4BC7-A50A-864FFDDB93E7}.Debug|x64.ActiveCfg = Debug|x64
		{BAD9C8DA-7EF9-4BC7-A50A-864FFDDB93E7}.Debug|x64.Build.0 = Debug|x64
		{BAD9C8DA-7EF9-4BC7-A50A-864FFDDB93E7}.Debug|x86.ActiveCfg = Debug|Win32
		{BAD9C8DA-7EF9-4BC7-A50A-864FFDDB93E7}.Debug|x86.Build.0 = Debug|Win32
		{BAD9C8DA-7EF9-4BC7-A50A-864FFDDB93E7}.Release|x64.ActiveCfg = Release|x64
		{BAD9C8DA-7EF9-4BC7-A50A-864FFDDB93E7}.Release|x64.Build.0 = Release|x64
		{BAD9C8DA-7EF9-4BC7-A50A-864FFDDB93E7}.Release|x86.ActiveCfg = Release|Win32
		{BAD9C8DA-7EF9-4BC7-A50A-864FFDDB93E7}.Release|x86.Build.0 = Release|Win32
		{8BD1A71B-3432-4B65-B936-7B9B9BD56E95}.Debug|x64.ActiveCfg = Debug|x64
		{8BD1A71B-3432-4B65-B936-7B9B9BD56E95}.Debug|x64.Build.0 = Debug|x64
		{8BD1A71B-3432-4B65-B936-7B9B9BD56E95}.Debug|x86.ActiveCfg = Debug|Win32
		{8BD1A71B-3432-4B65-B936-7B9B9BD56E95}.Debug|x86.Build.0 = Debug|Win32
		{8BD1A71B-3432-4B65-B936-7B9B9BD56E95}.Release|x64.ActiveCfg = Release|x64
		{8BD1A71B-3432-4B65-B936-7B9B9BD56E95}.Release|x64.Build.0 = Release|x64
		{8BD1A71B-3432-4B65-B936-7B9B9BD56E95}.Release|x86.ActiveCfg = Release|Win32
		{8BD1A71B-3432-4B65-B936-7B9B9BD56E95}.Release|x86.Build.0 = Release|Win32
		{42B7AEE3-BA40-4718-A0D1-70A618E4B574}.Debug|x64.ActiveCfg = Debug|x64
		{42B7AEE3-BA40-4718-A0D1-70A618E4B574}.Debug|x64.Build.0 = Debug|x64
		{42B7AEE3-BA40-4718-A0D1-70A618E4B574}.Debug|x86.ActiveCfg = Debug|Win32
		{42B7AEE3-BA40-4718-A0D1-70A618E4B574}.Debug|x86.Build.0 = Debug|Win32
		{42B7AEE3-BA40-4718-A0D1-70A618E4B574}.Release|x64.ActiveCfg = Release|x64
		{42B7AEE3-BA40-4718-A0D1-70A618E4B574}.Release|x64.Build.0 = Release|x64
		{42B7AEE3-BA40-4718-A0D1-70A618E4B574}.Release|x86.ActiveCfg = Release|Win32
		{42B7AEE3-BA40-4718-A0D1-70A618E4B574}.Release|x86.Build.0 = Release|Win32
		{765C076E-0D9B-4BE7-A3FF-23EB53B65A97}.Debug|x64.ActiveCfg = Debug|x64
		{765C076E-0D9B-4BE7-A3FF-23EB53B65A97}.Debug|x64.Build.0 = Debug|x64
		{765C076E-0D9B-4BE7-A3FF-23EB53B65A97}.Debug|x86.ActiveCfg = Debug|Win32
		{765C076E-0D9B-4BE7-A3FF-23EB53B65A97}.Debug|x86.Build.0 = Debug|Win32
		{765C076E-0D9B-4BE7-A3FF-23EB53B65A97}.Release|x64.ActiveCfg = Release|x64
		{765C076E-0D9B-4BE7-A3FF-23EB53B65A97}.Release|x64.Build.0 = Release|x64
		{765C076E-0D9B-4BE7-A3FF-23EB53B65A97}.Release|x86.ActiveCfg = Release|Win32
		{765C076E-0D9B-4BE7-A3FF-23EB53B65A97}.Release|x86.Build.0 = Release|Win32
		{149DCDEA-A863-49CE-8AA4-43B57442DD16}.Debug|x64.ActiveCfg = Debug|x64
		{149DCDEA-A863-49CE-8AA4-43B57442DD16}.Debug|x64.Build.0 = Debug|x64
		{149DCDEA-A863-49CE-8AA4-43B57442DD16}.Debug|x86.ActiveCfg = Debug|Win32
		{149DCDEA-A863-49CE-8AA4-43B57442DD16}.Debug|x86.Build.0 = Debug|Win32
		{149DCDEA-A863-49CE-8AA4-43B57442DD16}.Release|x64.ActiveCfg = Release|x64
		{149DCDEA-A863-49CE-8AA4-43B57442DD16}.Release|x64.Build.0 = Release|x64
		{149DCDEA-A863-49CE-8AA4-43B57442DD16}.Release|x86.ActiveCfg = Release|Win32
		{149DCDEA-A863-49CE-8AA4-43B57442DD16}.Release|x86.Build.0 = Release|Win32
		{216F1A2A-3C7C-4562-BEF0-790A2F8DCA8E}.Debug|x64.ActiveCfg = Debug|x64
		{216F1A2A-3C7C-4562-BEF0-790A2F8DCA8E}.Debug|x64.Build.0 = Debug|x64
		{216F1A2A-3C7C-4562-BEF0-790A2F8DCA8E}.Debug|x86.ActiveCfg = Debug|Win32
		{216F1A2A-3C7C-4562-BEF0-790A2F8DCA8E}.Debug|x86.Build.0 = Debug|Win32
		{216F1A2A-3C7C-4562-BEF0-790A2F8DCA8E}.Release|x64.ActiveCfg = Release|x64
		{216F1A2A-3C7C-4562-BEF0-790A2F8DCA8E}.Release|x64.Build.0 = Release|x64
		{216F1A2A-3C7C-4562-BEF0-790A2F8DCA8E}.Release|x86.ActiveCfg = Release|Win32
		{216F1A2A-3C7C-4562-BEF0-790A2F8DCA8E}.Release|x86.Build.0 = Release|Win32
		{46A5F3C0-9C1D-410A-AD6E-1EA85FC41C40}.Debug|x64.ActiveCfg = Debug|x64
		{46A5F3C0-9C1D-410A-AD6E-1EA85FC41C40}.Debug|x64.Build.0 = Debug|x64
		{46A5F3C0-9C1D-410A-AD6E-1EA85FC41C40}.Debug|x86.ActiveCfg = Debug|Win32
		{46A5F3C0-9C1D-410A-AD6E-1EA85FC41C40}.Debug|x86.Build.0 = Debug|Win32
		{46A5F3C0-9C1D-410A-AD6E-1EA85FC41C40}.Release|x64.ActiveCfg = Release|x64
		{46A5F3C0-9C1D-410A-AD6E-1EA85FC41C40}.Release|x64.Build.0 = Release|x64
		{46A5F3C0-9C1D-410A-AD6E-1EA85FC41C40}.Release|x86.ActiveCfg = Release|Win32
		{46A5F3C0-9C1D-410A-AD6E-1EA85FC41C40}.Release|x86.Build.0 = Release|Win32
	EndGlobalSection
	GlobalSection(SolutionProperties) = preSolution
		HideSolutionNode = FALSE
	EndGlobalSection
	GlobalSection(ExtensibilityGlobals) = postSolution
		SolutionGuid = {980203F7-4B96-48FE-BE38-1F7C6E5EC420}
	EndGlobalSection
EndGlobal
